// !$*UTF8*$!
{
	archiveVersion = 1;
	classes = {
	};
	objectVersion = 55;
	objects = {

/* Begin PBXBuildFile section */
		7B06CB7727BEDED10039547A /* AppDelegate.swift in Sources */ = {isa = PBXBuildFile; fileRef = 7B06CB7627BEDED10039547A /* AppDelegate.swift */; };
		7B06CB7927BEDED10039547A /* SceneDelegate.swift in Sources */ = {isa = PBXBuildFile; fileRef = 7B06CB7827BEDED10039547A /* SceneDelegate.swift */; };
		7B06CB7B27BEDED10039547A /* ViewController.swift in Sources */ = {isa = PBXBuildFile; fileRef = 7B06CB7A27BEDED10039547A /* ViewController.swift */; };
		7B06CB7E27BEDED10039547A /* Main.storyboard in Resources */ = {isa = PBXBuildFile; fileRef = 7B06CB7C27BEDED10039547A /* Main.storyboard */; };
		7B06CB8027BEDED20039547A /* Assets.xcassets in Resources */ = {isa = PBXBuildFile; fileRef = 7B06CB7F27BEDED20039547A /* Assets.xcassets */; };
		7B06CB8327BEDED20039547A /* LaunchScreen.storyboard in Resources */ = {isa = PBXBuildFile; fileRef = 7B06CB8127BEDED20039547A /* LaunchScreen.storyboard */; };
		7B06CB8E27BEDED20039547A /* Adidala_CalculatorTests.swift in Sources */ = {isa = PBXBuildFile; fileRef = 7B06CB8D27BEDED20039547A /* Adidala_CalculatorTests.swift */; };
		7B06CB9827BEDED20039547A /* Adidala_CalculatorUITests.swift in Sources */ = {isa = PBXBuildFile; fileRef = 7B06CB9727BEDED20039547A /* Adidala_CalculatorUITests.swift */; };
		7B06CB9A27BEDED20039547A /* Adidala_CalculatorUITestsLaunchTests.swift in Sources */ = {isa = PBXBuildFile; fileRef = 7B06CB9927BEDED20039547A /* Adidala_CalculatorUITestsLaunchTests.swift */; };
/* End PBXBuildFile section */

/* Begin PBXContainerItemProxy section */
		7B06CB8A27BEDED20039547A /* PBXContainerItemProxy */ = {
			isa = PBXContainerItemProxy;
			containerPortal = 7B06CB6B27BEDED10039547A /* Project object */;
			proxyType = 1;
			remoteGlobalIDString = 7B06CB7227BEDED10039547A;
			remoteInfo = Adidala_Calculator;
		};
		7B06CB9427BEDED20039547A /* PBXContainerItemProxy */ = {
			isa = PBXContainerItemProxy;
			containerPortal = 7B06CB6B27BEDED10039547A /* Project object */;
			proxyType = 1;
			remoteGlobalIDString = 7B06CB7227BEDED10039547A;
			remoteInfo = Adidala_Calculator;
		};
/* End PBXContainerItemProxy section */

/* Begin PBXFileReference section */
		7B06CB7327BEDED10039547A /* Adidala_Calculator.app */ = {isa = PBXFileReference; explicitFileType = wrapper.application; includeInIndex = 0; path = Adidala_Calculator.app; sourceTree = BUILT_PRODUCTS_DIR; };
		7B06CB7627BEDED10039547A /* AppDelegate.swift */ = {isa = PBXFileReference; lastKnownFileType = sourcecode.swift; path = AppDelegate.swift; sourceTree = "<group>"; };
		7B06CB7827BEDED10039547A /* SceneDelegate.swift */ = {isa = PBXFileReference; lastKnownFileType = sourcecode.swift; path = SceneDelegate.swift; sourceTree = "<group>"; };
		7B06CB7A27BEDED10039547A /* ViewController.swift */ = {isa = PBXFileReference; lastKnownFileType = sourcecode.swift; path = ViewController.swift; sourceTree = "<group>"; };
		7B06CB7D27BEDED10039547A /* Base */ = {isa = PBXFileReference; lastKnownFileType = file.storyboard; name = Base; path = Base.lproj/Main.storyboard; sourceTree = "<group>"; };
		7B06CB7F27BEDED20039547A /* Assets.xcassets */ = {isa = PBXFileReference; lastKnownFileType = folder.assetcatalog; path = Assets.xcassets; sourceTree = "<group>"; };
		7B06CB8227BEDED20039547A /* Base */ = {isa = PBXFileReference; lastKnownFileType = file.storyboard; name = Base; path = Base.lproj/LaunchScreen.storyboard; sourceTree = "<group>"; };
		7B06CB8427BEDED20039547A /* Info.plist */ = {isa = PBXFileReference; lastKnownFileType = text.plist.xml; path = Info.plist; sourceTree = "<group>"; };
		7B06CB8927BEDED20039547A /* Adidala_CalculatorTests.xctest */ = {isa = PBXFileReference; explicitFileType = wrapper.cfbundle; includeInIndex = 0; path = Adidala_CalculatorTests.xctest; sourceTree = BUILT_PRODUCTS_DIR; };
		7B06CB8D27BEDED20039547A /* Adidala_CalculatorTests.swift */ = {isa = PBXFileReference; lastKnownFileType = sourcecode.swift; path = Adidala_CalculatorTests.swift; sourceTree = "<group>"; };
		7B06CB9327BEDED20039547A /* Adidala_CalculatorUITests.xctest */ = {isa = PBXFileReference; explicitFileType = wrapper.cfbundle; includeInIndex = 0; path = Adidala_CalculatorUITests.xctest; sourceTree = BUILT_PRODUCTS_DIR; };
		7B06CB9727BEDED20039547A /* Adidala_CalculatorUITests.swift */ = {isa = PBXFileReference; lastKnownFileType = sourcecode.swift; path = Adidala_CalculatorUITests.swift; sourceTree = "<group>"; };
		7B06CB9927BEDED20039547A /* Adidala_CalculatorUITestsLaunchTests.swift */ = {isa = PBXFileReference; lastKnownFileType = sourcecode.swift; path = Adidala_CalculatorUITestsLaunchTests.swift; sourceTree = "<group>"; };
/* End PBXFileReference section */

/* Begin PBXFrameworksBuildPhase section */
		7B06CB7027BEDED10039547A /* Frameworks */ = {
			isa = PBXFrameworksBuildPhase;
			buildActionMask = 2147483647;
			files = (
			);
			runOnlyForDeploymentPostprocessing = 0;
		};
		7B06CB8627BEDED20039547A /* Frameworks */ = {
			isa = PBXFrameworksBuildPhase;
			buildActionMask = 2147483647;
			files = (
			);
			runOnlyForDeploymentPostprocessing = 0;
		};
		7B06CB9027BEDED20039547A /* Frameworks */ = {
			isa = PBXFrameworksBuildPhase;
			buildActionMask = 2147483647;
			files = (
			);
			runOnlyForDeploymentPostprocessing = 0;
		};
/* End PBXFrameworksBuildPhase section */

/* Begin PBXGroup section */
		7B06CB6A27BEDED10039547A = {
			isa = PBXGroup;
			children = (
				7B06CB7527BEDED10039547A /* Adidala_Calculator */,
				7B06CB8C27BEDED20039547A /* Adidala_CalculatorTests */,
				7B06CB9627BEDED20039547A /* Adidala_CalculatorUITests */,
				7B06CB7427BEDED10039547A /* Products */,
			);
			sourceTree = "<group>";
		};
		7B06CB7427BEDED10039547A /* Products */ = {
			isa = PBXGroup;
			children = (
				7B06CB7327BEDED10039547A /* Adidala_Calculator.app */,
				7B06CB8927BEDED20039547A /* Adidala_CalculatorTests.xctest */,
				7B06CB9327BEDED20039547A /* Adidala_CalculatorUITests.xctest */,
			);
			name = Products;
			sourceTree = "<group>";
		};
		7B06CB7527BEDED10039547A /* Adidala_Calculator */ = {
			isa = PBXGroup;
			children = (
				7B06CB7627BEDED10039547A /* AppDelegate.swift */,
				7B06CB7827BEDED10039547A /* SceneDelegate.swift */,
				7B06CB7A27BEDED10039547A /* ViewController.swift */,
				7B06CB7C27BEDED10039547A /* Main.storyboard */,
				7B06CB7F27BEDED20039547A /* Assets.xcassets */,
				7B06CB8127BEDED20039547A /* LaunchScreen.storyboard */,
				7B06CB8427BEDED20039547A /* Info.plist */,
			);
			path = Adidala_Calculator;
			sourceTree = "<group>";
		};
		7B06CB8C27BEDED20039547A /* Adidala_CalculatorTests */ = {
			isa = PBXGroup;
			children = (
				7B06CB8D27BEDED20039547A /* Adidala_CalculatorTests.swift */,
			);
			path = Adidala_CalculatorTests;
			sourceTree = "<group>";
		};
		7B06CB9627BEDED20039547A /* Adidala_CalculatorUITests */ = {
			isa = PBXGroup;
			children = (
				7B06CB9727BEDED20039547A /* Adidala_CalculatorUITests.swift */,
				7B06CB9927BEDED20039547A /* Adidala_CalculatorUITestsLaunchTests.swift */,
			);
			path = Adidala_CalculatorUITests;
			sourceTree = "<group>";
		};
/* End PBXGroup section */

/* Begin PBXNativeTarget section */
		7B06CB7227BEDED10039547A /* Adidala_Calculator */ = {
			isa = PBXNativeTarget;
			buildConfigurationList = 7B06CB9D27BEDED20039547A /* Build configuration list for PBXNativeTarget "Adidala_Calculator" */;
			buildPhases = (
				7B06CB6F27BEDED10039547A /* Sources */,
				7B06CB7027BEDED10039547A /* Frameworks */,
				7B06CB7127BEDED10039547A /* Resources */,
			);
			buildRules = (
			);
			dependencies = (
			);
			name = Adidala_Calculator;
			productName = Adidala_Calculator;
			productReference = 7B06CB7327BEDED10039547A /* Adidala_Calculator.app */;
			productType = "com.apple.product-type.application";
		};
		7B06CB8827BEDED20039547A /* Adidala_CalculatorTests */ = {
			isa = PBXNativeTarget;
			buildConfigurationList = 7B06CBA027BEDED20039547A /* Build configuration list for PBXNativeTarget "Adidala_CalculatorTests" */;
			buildPhases = (
				7B06CB8527BEDED20039547A /* Sources */,
				7B06CB8627BEDED20039547A /* Frameworks */,
				7B06CB8727BEDED20039547A /* Resources */,
			);
			buildRules = (
			);
			dependencies = (
				7B06CB8B27BEDED20039547A /* PBXTargetDependency */,
			);
			name = Adidala_CalculatorTests;
			productName = Adidala_CalculatorTests;
			productReference = 7B06CB8927BEDED20039547A /* Adidala_CalculatorTests.xctest */;
			productType = "com.apple.product-type.bundle.unit-test";
		};
		7B06CB9227BEDED20039547A /* Adidala_CalculatorUITests */ = {
			isa = PBXNativeTarget;
			buildConfigurationList = 7B06CBA327BEDED20039547A /* Build configuration list for PBXNativeTarget "Adidala_CalculatorUITests" */;
			buildPhases = (
				7B06CB8F27BEDED20039547A /* Sources */,
				7B06CB9027BEDED20039547A /* Frameworks */,
				7B06CB9127BEDED20039547A /* Resources */,
			);
			buildRules = (
			);
			dependencies = (
				7B06CB9527BEDED20039547A /* PBXTargetDependency */,
			);
			name = Adidala_CalculatorUITests;
			productName = Adidala_CalculatorUITests;
			productReference = 7B06CB9327BEDED20039547A /* Adidala_CalculatorUITests.xctest */;
			productType = "com.apple.product-type.bundle.ui-testing";
		};
/* End PBXNativeTarget section */

/* Begin PBXProject section */
		7B06CB6B27BEDED10039547A /* Project object */ = {
			isa = PBXProject;
			attributes = {
				BuildIndependentTargetsInParallel = 1;
				LastSwiftUpdateCheck = 1320;
				LastUpgradeCheck = 1320;
				TargetAttributes = {
					7B06CB7227BEDED10039547A = {
						CreatedOnToolsVersion = 13.2.1;
					};
					7B06CB8827BEDED20039547A = {
						CreatedOnToolsVersion = 13.2.1;
						TestTargetID = 7B06CB7227BEDED10039547A;
					};
					7B06CB9227BEDED20039547A = {
						CreatedOnToolsVersion = 13.2.1;
						TestTargetID = 7B06CB7227BEDED10039547A;
					};
				};
			};
			buildConfigurationList = 7B06CB6E27BEDED10039547A /* Build configuration list for PBXProject "Adidala_Calculator" */;
			compatibilityVersion = "Xcode 13.0";
			developmentRegion = en;
			hasScannedForEncodings = 0;
			knownRegions = (
				en,
				Base,
			);
			mainGroup = 7B06CB6A27BEDED10039547A;
			productRefGroup = 7B06CB7427BEDED10039547A /* Products */;
			projectDirPath = "";
			projectRoot = "";
			targets = (
				7B06CB7227BEDED10039547A /* Adidala_Calculator */,
				7B06CB8827BEDED20039547A /* Adidala_CalculatorTests */,
				7B06CB9227BEDED20039547A /* Adidala_CalculatorUITests */,
			);
		};
/* End PBXProject section */

/* Begin PBXResourcesBuildPhase section */
		7B06CB7127BEDED10039547A /* Resources */ = {
			isa = PBXResourcesBuildPhase;
			buildActionMask = 2147483647;
			files = (
				7B06CB8327BEDED20039547A /* LaunchScreen.storyboard in Resources */,
				7B06CB8027BEDED20039547A /* Assets.xcassets in Resources */,
				7B06CB7E27BEDED10039547A /* Main.storyboard in Resources */,
			);
			runOnlyForDeploymentPostprocessing = 0;
		};
		7B06CB8727BEDED20039547A /* Resources */ = {
			isa = PBXResourcesBuildPhase;
			buildActionMask = 2147483647;
			files = (
			);
			runOnlyForDeploymentPostprocessing = 0;
		};
		7B06CB9127BEDED20039547A /* Resources */ = {
			isa = PBXResourcesBuildPhase;
			buildActionMask = 2147483647;
			files = (
			);
			runOnlyForDeploymentPostprocessing = 0;
		};
/* End PBXResourcesBuildPhase section */

/* Begin PBXSourcesBuildPhase section */
		7B06CB6F27BEDED10039547A /* Sources */ = {
			isa = PBXSourcesBuildPhase;
			buildActionMask = 2147483647;
			files = (
				7B06CB7B27BEDED10039547A /* ViewController.swift in Sources */,
				7B06CB7727BEDED10039547A /* AppDelegate.swift in Sources */,
				7B06CB7927BEDED10039547A /* SceneDelegate.swift in Sources */,
			);
			runOnlyForDeploymentPostprocessing = 0;
		};
		7B06CB8527BEDED20039547A /* Sources */ = {
			isa = PBXSourcesBuildPhase;
			buildActionMask = 2147483647;
			files = (
				7B06CB8E27BEDED20039547A /* Adidala_CalculatorTests.swift in Sources */,
			);
			runOnlyForDeploymentPostprocessing = 0;
		};
		7B06CB8F27BEDED20039547A /* Sources */ = {
			isa = PBXSourcesBuildPhase;
			buildActionMask = 2147483647;
			files = (
				7B06CB9827BEDED20039547A /* Adidala_CalculatorUITests.swift in Sources */,
				7B06CB9A27BEDED20039547A /* Adidala_CalculatorUITestsLaunchTests.swift in Sources */,
			);
			runOnlyForDeploymentPostprocessing = 0;
		};
/* End PBXSourcesBuildPhase section */

/* Begin PBXTargetDependency section */
		7B06CB8B27BEDED20039547A /* PBXTargetDependency */ = {
			isa = PBXTargetDependency;
			target = 7B06CB7227BEDED10039547A /* Adidala_Calculator */;
			targetProxy = 7B06CB8A27BEDED20039547A /* PBXContainerItemProxy */;
		};
		7B06CB9527BEDED20039547A /* PBXTargetDependency */ = {
			isa = PBXTargetDependency;
			target = 7B06CB7227BEDED10039547A /* Adidala_Calculator */;
			targetProxy = 7B06CB9427BEDED20039547A /* PBXContainerItemProxy */;
		};
/* End PBXTargetDependency section */

/* Begin PBXVariantGroup section */
		7B06CB7C27BEDED10039547A /* Main.storyboard */ = {
			isa = PBXVariantGroup;
			children = (
				7B06CB7D27BEDED10039547A /* Base */,
			);
			name = Main.storyboard;
			sourceTree = "<group>";
		};
		7B06CB8127BEDED20039547A /* LaunchScreen.storyboard */ = {
			isa = PBXVariantGroup;
			children = (
				7B06CB8227BEDED20039547A /* Base */,
			);
			name = LaunchScreen.storyboard;
			sourceTree = "<group>";
		};
/* End PBXVariantGroup section */

/* Begin XCBuildConfiguration section */
		7B06CB9B27BEDED20039547A /* Debug */ = {
			isa = XCBuildConfiguration;
			buildSettings = {
				ALWAYS_SEARCH_USER_PATHS = NO;
				CLANG_ANALYZER_NONNULL = YES;
				CLANG_ANALYZER_NUMBER_OBJECT_CONVERSION = YES_AGGRESSIVE;
				CLANG_CXX_LANGUAGE_STANDARD = "gnu++17";
				CLANG_CXX_LIBRARY = "libc++";
				CLANG_ENABLE_MODULES = YES;
				CLANG_ENABLE_OBJC_ARC = YES;
				CLANG_ENABLE_OBJC_WEAK = YES;
				CLANG_WARN_BLOCK_CAPTURE_AUTORELEASING = YES;
				CLANG_WARN_BOOL_CONVERSION = YES;
				CLANG_WARN_COMMA = YES;
				CLANG_WARN_CONSTANT_CONVERSION = YES;
				CLANG_WARN_DEPRECATED_OBJC_IMPLEMENTATIONS = YES;
				CLANG_WARN_DIRECT_OBJC_ISA_USAGE = YES_ERROR;
				CLANG_WARN_DOCUMENTATION_COMMENTS = YES;
				CLANG_WARN_EMPTY_BODY = YES;
				CLANG_WARN_ENUM_CONVERSION = YES;
				CLANG_WARN_INFINITE_RECURSION = YES;
				CLANG_WARN_INT_CONVERSION = YES;
				CLANG_WARN_NON_LITERAL_NULL_CONVERSION = YES;
				CLANG_WARN_OBJC_IMPLICIT_RETAIN_SELF = YES;
				CLANG_WARN_OBJC_LITERAL_CONVERSION = YES;
				CLANG_WARN_OBJC_ROOT_CLASS = YES_ERROR;
				CLANG_WARN_QUOTED_INCLUDE_IN_FRAMEWORK_HEADER = YES;
				CLANG_WARN_RANGE_LOOP_ANALYSIS = YES;
				CLANG_WARN_STRICT_PROTOTYPES = YES;
				CLANG_WARN_SUSPICIOUS_MOVE = YES;
				CLANG_WARN_UNGUARDED_AVAILABILITY = YES_AGGRESSIVE;
				CLANG_WARN_UNREACHABLE_CODE = YES;
				CLANG_WARN__DUPLICATE_METHOD_MATCH = YES;
				COPY_PHASE_STRIP = NO;
				DEBUG_INFORMATION_FORMAT = dwarf;
				ENABLE_STRICT_OBJC_MSGSEND = YES;
				ENABLE_TESTABILITY = YES;
				GCC_C_LANGUAGE_STANDARD = gnu11;
				GCC_DYNAMIC_NO_PIC = NO;
				GCC_NO_COMMON_BLOCKS = YES;
				GCC_OPTIMIZATION_LEVEL = 0;
				GCC_PREPROCESSOR_DEFINITIONS = (
					"DEBUG=1",
					"$(inherited)",
				);
				GCC_WARN_64_TO_32_BIT_CONVERSION = YES;
				GCC_WARN_ABOUT_RETURN_TYPE = YES_ERROR;
				GCC_WARN_UNDECLARED_SELECTOR = YES;
				GCC_WARN_UNINITIALIZED_AUTOS = YES_AGGRESSIVE;
				GCC_WARN_UNUSED_FUNCTION = YES;
				GCC_WARN_UNUSED_VARIABLE = YES;
				IPHONEOS_DEPLOYMENT_TARGET = 15.2;
				MTL_ENABLE_DEBUG_INFO = INCLUDE_SOURCE;
				MTL_FAST_MATH = YES;
				ONLY_ACTIVE_ARCH = YES;
				SDKROOT = iphoneos;
				SWIFT_ACTIVE_COMPILATION_CONDITIONS = DEBUG;
				SWIFT_OPTIMIZATION_LEVEL = "-Onone";
			};
			name = Debug;
		};
		7B06CB9C27BEDED20039547A /* Release */ = {
			isa = XCBuildConfiguration;
			buildSettings = {
				ALWAYS_SEARCH_USER_PATHS = NO;
				CLANG_ANALYZER_NONNULL = YES;
				CLANG_ANALYZER_NUMBER_OBJECT_CONVERSION = YES_AGGRESSIVE;
				CLANG_CXX_LANGUAGE_STANDARD = "gnu++17";
				CLANG_CXX_LIBRARY = "libc++";
				CLANG_ENABLE_MODULES = YES;
				CLANG_ENABLE_OBJC_ARC = YES;
				CLANG_ENABLE_OBJC_WEAK = YES;
				CLANG_WARN_BLOCK_CAPTURE_AUTORELEASING = YES;
				CLANG_WARN_BOOL_CONVERSION = YES;
				CLANG_WARN_COMMA = YES;
				CLANG_WARN_CONSTANT_CONVERSION = YES;
				CLANG_WARN_DEPRECATED_OBJC_IMPLEMENTATIONS = YES;
				CLANG_WARN_DIRECT_OBJC_ISA_USAGE = YES_ERROR;
				CLANG_WARN_DOCUMENTATION_COMMENTS = YES;
				CLANG_WARN_EMPTY_BODY = YES;
				CLANG_WARN_ENUM_CONVERSION = YES;
				CLANG_WARN_INFINITE_RECURSION = YES;
				CLANG_WARN_INT_CONVERSION = YES;
				CLANG_WARN_NON_LITERAL_NULL_CONVERSION = YES;
				CLANG_WARN_OBJC_IMPLICIT_RETAIN_SELF = YES;
				CLANG_WARN_OBJC_LITERAL_CONVERSION = YES;
				CLANG_WARN_OBJC_ROOT_CLASS = YES_ERROR;
				CLANG_WARN_QUOTED_INCLUDE_IN_FRAMEWORK_HEADER = YES;
				CLANG_WARN_RANGE_LOOP_ANALYSIS = YES;
				CLANG_WARN_STRICT_PROTOTYPES = YES;
				CLANG_WARN_SUSPICIOUS_MOVE = YES;
				CLANG_WARN_UNGUARDED_AVAILABILITY = YES_AGGRESSIVE;
				CLANG_WARN_UNREACHABLE_CODE = YES;
				CLANG_WARN__DUPLICATE_METHOD_MATCH = YES;
				COPY_PHASE_STRIP = NO;
				DEBUG_INFORMATION_FORMAT = "dwarf-with-dsym";
				ENABLE_NS_ASSERTIONS = NO;
				ENABLE_STRICT_OBJC_MSGSEND = YES;
				GCC_C_LANGUAGE_STANDARD = gnu11;
				GCC_NO_COMMON_BLOCKS = YES;
				GCC_WARN_64_TO_32_BIT_CONVERSION = YES;
				GCC_WARN_ABOUT_RETURN_TYPE = YES_ERROR;
				GCC_WARN_UNDECLARED_SELECTOR = YES;
				GCC_WARN_UNINITIALIZED_AUTOS = YES_AGGRESSIVE;
				GCC_WARN_UNUSED_FUNCTION = YES;
				GCC_WARN_UNUSED_VARIABLE = YES;
				IPHONEOS_DEPLOYMENT_TARGET = 15.2;
				MTL_ENABLE_DEBUG_INFO = NO;
				MTL_FAST_MATH = YES;
				SDKROOT = iphoneos;
				SWIFT_COMPILATION_MODE = wholemodule;
				SWIFT_OPTIMIZATION_LEVEL = "-O";
				VALIDATE_PRODUCT = YES;
			};
			name = Release;
		};
		7B06CB9E27BEDED20039547A /* Debug */ = {
			isa = XCBuildConfiguration;
			buildSettings = {
				ASSETCATALOG_COMPILER_APPICON_NAME = AppIcon;
				ASSETCATALOG_COMPILER_GLOBAL_ACCENT_COLOR_NAME = AccentColor;
				CODE_SIGN_STYLE = Automatic;
				CURRENT_PROJECT_VERSION = 1;
				GENERATE_INFOPLIST_FILE = YES;
				INFOPLIST_FILE = Adidala_Calculator/Info.plist;
				INFOPLIST_KEY_CFBundleDisplayName = Adidala_Calculator;
				INFOPLIST_KEY_UIApplicationSupportsIndirectInputEvents = YES;
				INFOPLIST_KEY_UILaunchStoryboardName = LaunchScreen;
				INFOPLIST_KEY_UIMainStoryboardFile = Main;
				INFOPLIST_KEY_UISupportedInterfaceOrientations_iPad = "UIInterfaceOrientationPortrait UIInterfaceOrientationPortraitUpsideDown UIInterfaceOrientationLandscapeLeft UIInterfaceOrientationLandscapeRight";
				INFOPLIST_KEY_UISupportedInterfaceOrientations_iPhone = "UIInterfaceOrientationPortrait UIInterfaceOrientationLandscapeLeft UIInterfaceOrientationLandscapeRight";
				LD_RUNPATH_SEARCH_PATHS = (
					"$(inherited)",
					"@executable_path/Frameworks",
				);
				MARKETING_VERSION = 1.0;
				PRODUCT_BUNDLE_IDENTIFIER = "nwmsu.Adidala-Calculator";
				PRODUCT_NAME = "$(TARGET_NAME)";
				SWIFT_EMIT_LOC_STRINGS = YES;
				SWIFT_VERSION = 5.0;
				TARGETED_DEVICE_FAMILY = "1,2";
			};
			name = Debug;
		};
		7B06CB9F27BEDED20039547A /* Release */ = {
			isa = XCBuildConfiguration;
			buildSettings = {
				ASSETCATALOG_COMPILER_APPICON_NAME = AppIcon;
				ASSETCATALOG_COMPILER_GLOBAL_ACCENT_COLOR_NAME = AccentColor;
				CODE_SIGN_STYLE = Automatic;
				CURRENT_PROJECT_VERSION = 1;
				GENERATE_INFOPLIST_FILE = YES;
				INFOPLIST_FILE = Adidala_Calculator/Info.plist;
				INFOPLIST_KEY_CFBundleDisplayName = Adidala_Calculator;
				INFOPLIST_KEY_UIApplicationSupportsIndirectInputEvents = YES;
				INFOPLIST_KEY_UILaunchStoryboardName = LaunchScreen;
				INFOPLIST_KEY_UIMainStoryboardFile = Main;
				INFOPLIST_KEY_UISupportedInterfaceOrientations_iPad = "UIInterfaceOrientationPortrait UIInterfaceOrientationPortraitUpsideDown UIInterfaceOrientationLandscapeLeft UIInterfaceOrientationLandscapeRight";
				INFOPLIST_KEY_UISupportedInterfaceOrientations_iPhone = "UIInterfaceOrientationPortrait UIInterfaceOrientationLandscapeLeft UIInterfaceOrientationLandscapeRight";
				LD_RUNPATH_SEARCH_PATHS = (
					"$(inherited)",
					"@executable_path/Frameworks",
				);
				MARKETING_VERSION = 1.0;
				PRODUCT_BUNDLE_IDENTIFIER = "nwmsu.Adidala-Calculator";
				PRODUCT_NAME = "$(TARGET_NAME)";
				SWIFT_EMIT_LOC_STRINGS = YES;
				SWIFT_VERSION = 5.0;
				TARGETED_DEVICE_FAMILY = "1,2";
			};
			name = Release;
		};
		7B06CBA127BEDED20039547A /* Debug */ = {
			isa = XCBuildConfiguration;
			buildSettings = {
				ALWAYS_EMBED_SWIFT_STANDARD_LIBRARIES = YES;
				BUNDLE_LOADER = "$(TEST_HOST)";
				CODE_SIGN_STYLE = Automatic;
				CURRENT_PROJECT_VERSION = 1;
				GENERATE_INFOPLIST_FILE = YES;
				IPHONEOS_DEPLOYMENT_TARGET = 15.2;
				MARKETING_VERSION = 1.0;
				PRODUCT_BUNDLE_IDENTIFIER = "nwmsu.Adidala-CalculatorTests";
				PRODUCT_NAME = "$(TARGET_NAME)";
				SWIFT_EMIT_LOC_STRINGS = NO;
				SWIFT_VERSION = 5.0;
				TARGETED_DEVICE_FAMILY = "1,2";
				TEST_HOST = "$(BUILT_PRODUCTS_DIR)/Adidala_Calculator.app/Adidala_Calculator";
			};
			name = Debug;
		};
		7B06CBA227BEDED20039547A /* Release */ = {
			isa = XCBuildConfiguration;
			buildSettings = {
				ALWAYS_EMBED_SWIFT_STANDARD_LIBRARIES = YES;
				BUNDLE_LOADER = "$(TEST_HOST)";
				CODE_SIGN_STYLE = Automatic;
				CURRENT_PROJECT_VERSION = 1;
				GENERATE_INFOPLIST_FILE = YES;
				IPHONEOS_DEPLOYMENT_TARGET = 15.2;
				MARKETING_VERSION = 1.0;
				PRODUCT_BUNDLE_IDENTIFIER = "nwmsu.Adidala-CalculatorTests";
				PRODUCT_NAME = "$(TARGET_NAME)";
				SWIFT_EMIT_LOC_STRINGS = NO;
				SWIFT_VERSION = 5.0;
				TARGETED_DEVICE_FAMILY = "1,2";
				TEST_HOST = "$(BUILT_PRODUCTS_DIR)/Adidala_Calculator.app/Adidala_Calculator";
			};
			name = Release;
		};
		7B06CBA427BEDED20039547A /* Debug */ = {
			isa = XCBuildConfiguration;
			buildSettings = {
				ALWAYS_EMBED_SWIFT_STANDARD_LIBRARIES = YES;
				CODE_SIGN_STYLE = Automatic;
				CURRENT_PROJECT_VERSION = 1;
				GENERATE_INFOPLIST_FILE = YES;
				MARKETING_VERSION = 1.0;
				PRODUCT_BUNDLE_IDENTIFIER = "nwmsu.Adidala-CalculatorUITests";
				PRODUCT_NAME = "$(TARGET_NAME)";
				SWIFT_EMIT_LOC_STRINGS = NO;
				SWIFT_VERSION = 5.0;
				TARGETED_DEVICE_FAMILY = "1,2";
				TEST_TARGET_NAME = Adidala_Calculator;
			};
			name = Debug;
		};
		7B06CBA527BEDED20039547A /* Release */ = {
			isa = XCBuildConfiguration;
			buildSettings = {
				ALWAYS_EMBED_SWIFT_STANDARD_LIBRARIES = YES;
				CODE_SIGN_STYLE = Automatic;
				CURRENT_PROJECT_VERSION = 1;
				GENERATE_INFOPLIST_FILE = YES;
				MARKETING_VERSION = 1.0;
				PRODUCT_BUNDLE_IDENTIFIER = "nwmsu.Adidala-CalculatorUITests";
				PRODUCT_NAME = "$(TARGET_NAME)";
				SWIFT_EMIT_LOC_STRINGS = NO;
				SWIFT_VERSION = 5.0;
				TARGETED_DEVICE_FAMILY = "1,2";
				TEST_TARGET_NAME = Adidala_Calculator;
			};
			name = Release;
		};
/* End XCBuildConfiguration section */

/* Begin XCConfigurationList section */
		7B06CB6E27BEDED10039547A /* Build configuration list for PBXProject "Adidala_Calculator" */ = {
			isa = XCConfigurationList;
			buildConfigurations = (
				7B06CB9B27BEDED20039547A /* Debug */,
				7B06CB9C27BEDED20039547A /* Release */,
			);
			defaultConfigurationIsVisible = 0;
			defaultConfigurationName = Release;
		};
		7B06CB9D27BEDED20039547A /* Build configuration list for PBXNativeTarget "Adidala_Calculator" */ = {
			isa = XCConfigurationList;
			buildConfigurations = (
				7B06CB9E27BEDED20039547A /* Debug */,
				7B06CB9F27BEDED20039547A /* Release */,
			);
			defaultConfigurationIsVisible = 0;
			defaultConfigurationName = Release;
		};
		7B06CBA027BEDED20039547A /* Build configuration list for PBXNativeTarget "Adidala_CalculatorTests" */ = {
			isa = XCConfigurationList;
			buildConfigurations = (
				7B06CBA127BEDED20039547A /* Debug */,
				7B06CBA227BEDED20039547A /* Release */,
			);
			defaultConfigurationIsVisible = 0;
			defaultConfigurationName = Release;
		};
		7B06CBA327BEDED20039547A /* Build configuration list for PBXNativeTarget "Adidala_CalculatorUITests" */ = {
			isa = XCConfigurationList;
			buildConfigurations = (
				7B06CBA427BEDED20039547A /* Debug */,
				7B06CBA527BEDED20039547A /* Release */,
			);
			defaultConfigurationIsVisible = 0;
			defaultConfigurationName = Release;
		};
/* End XCConfigurationList section */
	};
	rootObject = 7B06CB6B27BEDED10039547A /* Project object */;
}
